PODS:
  - camerax (0.0.1):
    - Flutter
  - Flutter (1.0.0)

DEPENDENCIES:
  - camerax (from `.symlinks/plugins/camerax/ios`)
  - Flutter (from `Flutter`)

EXTERNAL SOURCES:
  camerax:
    :path: ".symlinks/plugins/camerax/ios"
  Flutter:
    :path: Flutter

SPEC CHECKSUMS:
  camerax: 995a0e193927b759036102a1aee654c6a8e73bc5
  Flutter: 50d75fe2f02b26cc09d224853bb45737f8b3214a

PODFILE CHECKSUM: 7368163408c647b7eb699d0d788ba6718e18fb8d

COCOAPODS: 1.11.3
